// !$*UTF8*$!
{
	archiveVersion = 1;
	classes = {
	};
	objectVersion = 55;
	objects = {

/* Begin PBXBuildFile section */
		73E5D2EF273C984A00C18FEA /* AppDelegate.swift in Sources */ = {isa = PBXBuildFile; fileRef = 73E5D2EE273C984A00C18FEA /* AppDelegate.swift */; };
		73E5D2F1273C984A00C18FEA /* SceneDelegate.swift in Sources */ = {isa = PBXBuildFile; fileRef = 73E5D2F0273C984A00C18FEA /* SceneDelegate.swift */; };
		73E5D2F3273C984A00C18FEA /* ViewController.swift in Sources */ = {isa = PBXBuildFile; fileRef = 73E5D2F2273C984A00C18FEA /* ViewController.swift */; };
		73E5D2F6273C984A00C18FEA /* Main.storyboard in Resources */ = {isa = PBXBuildFile; fileRef = 73E5D2F4273C984A00C18FEA /* Main.storyboard */; };
		73E5D2F8273C984C00C18FEA /* Assets.xcassets in Resources */ = {isa = PBXBuildFile; fileRef = 73E5D2F7273C984C00C18FEA /* Assets.xcassets */; };
		73E5D2FB273C984C00C18FEA /* LaunchScreen.storyboard in Resources */ = {isa = PBXBuildFile; fileRef = 73E5D2F9273C984C00C18FEA /* LaunchScreen.storyboard */; };
		73E5D306273C984C00C18FEA /* EmergencyAppTests.swift in Sources */ = {isa = PBXBuildFile; fileRef = 73E5D305273C984C00C18FEA /* EmergencyAppTests.swift */; };
		73E5D310273C984C00C18FEA /* EmergencyAppUITests.swift in Sources */ = {isa = PBXBuildFile; fileRef = 73E5D30F273C984C00C18FEA /* EmergencyAppUITests.swift */; };
		73E5D312273C984C00C18FEA /* EmergencyAppUITestsLaunchTests.swift in Sources */ = {isa = PBXBuildFile; fileRef = 73E5D311273C984C00C18FEA /* EmergencyAppUITestsLaunchTests.swift */; };
/* End PBXBuildFile section */

/* Begin PBXContainerItemProxy section */
		73E5D302273C984C00C18FEA /* PBXContainerItemProxy */ = {
			isa = PBXContainerItemProxy;
			containerPortal = 73E5D2E3273C984900C18FEA /* Project object */;
			proxyType = 1;
			remoteGlobalIDString = 73E5D2EA273C984900C18FEA;
			remoteInfo = EmergencyApp;
		};
		73E5D30C273C984C00C18FEA /* PBXContainerItemProxy */ = {
			isa = PBXContainerItemProxy;
			containerPortal = 73E5D2E3273C984900C18FEA /* Project object */;
			proxyType = 1;
			remoteGlobalIDString = 73E5D2EA273C984900C18FEA;
			remoteInfo = EmergencyApp;
		};
/* End PBXContainerItemProxy section */

/* Begin PBXFileReference section */
		73E5D2EB273C984A00C18FEA /* EmergencyApp.app */ = {isa = PBXFileReference; explicitFileType = wrapper.application; includeInIndex = 0; path = EmergencyApp.app; sourceTree = BUILT_PRODUCTS_DIR; };
		73E5D2EE273C984A00C18FEA /* AppDelegate.swift */ = {isa = PBXFileReference; lastKnownFileType = sourcecode.swift; path = AppDelegate.swift; sourceTree = "<group>"; };
		73E5D2F0273C984A00C18FEA /* SceneDelegate.swift */ = {isa = PBXFileReference; lastKnownFileType = sourcecode.swift; path = SceneDelegate.swift; sourceTree = "<group>"; };
		73E5D2F2273C984A00C18FEA /* ViewController.swift */ = {isa = PBXFileReference; lastKnownFileType = sourcecode.swift; path = ViewController.swift; sourceTree = "<group>"; };
		73E5D2F5273C984A00C18FEA /* Base */ = {isa = PBXFileReference; lastKnownFileType = file.storyboard; name = Base; path = Base.lproj/Main.storyboard; sourceTree = "<group>"; };
		73E5D2F7273C984C00C18FEA /* Assets.xcassets */ = {isa = PBXFileReference; lastKnownFileType = folder.assetcatalog; path = Assets.xcassets; sourceTree = "<group>"; };
		73E5D2FA273C984C00C18FEA /* Base */ = {isa = PBXFileReference; lastKnownFileType = file.storyboard; name = Base; path = Base.lproj/LaunchScreen.storyboard; sourceTree = "<group>"; };
		73E5D2FC273C984C00C18FEA /* Info.plist */ = {isa = PBXFileReference; lastKnownFileType = text.plist.xml; path = Info.plist; sourceTree = "<group>"; };
		73E5D301273C984C00C18FEA /* EmergencyAppTests.xctest */ = {isa = PBXFileReference; explicitFileType = wrapper.cfbundle; includeInIndex = 0; path = EmergencyAppTests.xctest; sourceTree = BUILT_PRODUCTS_DIR; };
		73E5D305273C984C00C18FEA /* EmergencyAppTests.swift */ = {isa = PBXFileReference; lastKnownFileType = sourcecode.swift; path = EmergencyAppTests.swift; sourceTree = "<group>"; };
		73E5D30B273C984C00C18FEA /* EmergencyAppUITests.xctest */ = {isa = PBXFileReference; explicitFileType = wrapper.cfbundle; includeInIndex = 0; path = EmergencyAppUITests.xctest; sourceTree = BUILT_PRODUCTS_DIR; };
		73E5D30F273C984C00C18FEA /* EmergencyAppUITests.swift */ = {isa = PBXFileReference; lastKnownFileType = sourcecode.swift; path = EmergencyAppUITests.swift; sourceTree = "<group>"; };
		73E5D311273C984C00C18FEA /* EmergencyAppUITestsLaunchTests.swift */ = {isa = PBXFileReference; lastKnownFileType = sourcecode.swift; path = EmergencyAppUITestsLaunchTests.swift; sourceTree = "<group>"; };
/* End PBXFileReference section */

/* Begin PBXFrameworksBuildPhase section */
		73E5D2E8273C984900C18FEA /* Frameworks */ = {
			isa = PBXFrameworksBuildPhase;
			buildActionMask = 2147483647;
			files = (
			);
			runOnlyForDeploymentPostprocessing = 0;
		};
		73E5D2FE273C984C00C18FEA /* Frameworks */ = {
			isa = PBXFrameworksBuildPhase;
			buildActionMask = 2147483647;
			files = (
			);
			runOnlyForDeploymentPostprocessing = 0;
		};
		73E5D308273C984C00C18FEA /* Frameworks */ = {
			isa = PBXFrameworksBuildPhase;
			buildActionMask = 2147483647;
			files = (
			);
			runOnlyForDeploymentPostprocessing = 0;
		};
/* End PBXFrameworksBuildPhase section */

/* Begin PBXGroup section */
		73E5D2E2273C984900C18FEA = {
			isa = PBXGroup;
			children = (
				73E5D2ED273C984A00C18FEA /* EmergencyApp */,
				73E5D304273C984C00C18FEA /* EmergencyAppTests */,
				73E5D30E273C984C00C18FEA /* EmergencyAppUITests */,
				73E5D2EC273C984A00C18FEA /* Products */,
			);
			sourceTree = "<group>";
		};
		73E5D2EC273C984A00C18FEA /* Products */ = {
			isa = PBXGroup;
			children = (
				73E5D2EB273C984A00C18FEA /* EmergencyApp.app */,
				73E5D301273C984C00C18FEA /* EmergencyAppTests.xctest */,
				73E5D30B273C984C00C18FEA /* EmergencyAppUITests.xctest */,
			);
			name = Products;
			sourceTree = "<group>";
		};
		73E5D2ED273C984A00C18FEA /* EmergencyApp */ = {
			isa = PBXGroup;
			children = (
				73E5D2EE273C984A00C18FEA /* AppDelegate.swift */,
				73E5D2F0273C984A00C18FEA /* SceneDelegate.swift */,
				73E5D2F2273C984A00C18FEA /* ViewController.swift */,
				73E5D2F4273C984A00C18FEA /* Main.storyboard */,
				73E5D2F7273C984C00C18FEA /* Assets.xcassets */,
				73E5D2F9273C984C00C18FEA /* LaunchScreen.storyboard */,
				73E5D2FC273C984C00C18FEA /* Info.plist */,
			);
			path = EmergencyApp;
			sourceTree = "<group>";
		};
		73E5D304273C984C00C18FEA /* EmergencyAppTests */ = {
			isa = PBXGroup;
			children = (
				73E5D305273C984C00C18FEA /* EmergencyAppTests.swift */,
			);
			path = EmergencyAppTests;
			sourceTree = "<group>";
		};
		73E5D30E273C984C00C18FEA /* EmergencyAppUITests */ = {
			isa = PBXGroup;
			children = (
				73E5D30F273C984C00C18FEA /* EmergencyAppUITests.swift */,
				73E5D311273C984C00C18FEA /* EmergencyAppUITestsLaunchTests.swift */,
			);
			path = EmergencyAppUITests;
			sourceTree = "<group>";
		};
/* End PBXGroup section */

/* Begin PBXNativeTarget section */
		73E5D2EA273C984900C18FEA /* EmergencyApp */ = {
			isa = PBXNativeTarget;
			buildConfigurationList = 73E5D315273C984C00C18FEA /* Build configuration list for PBXNativeTarget "EmergencyApp" */;
			buildPhases = (
				73E5D2E7273C984900C18FEA /* Sources */,
				73E5D2E8273C984900C18FEA /* Frameworks */,
				73E5D2E9273C984900C18FEA /* Resources */,
			);
			buildRules = (
			);
			dependencies = (
			);
			name = EmergencyApp;
			productName = EmergencyApp;
			productReference = 73E5D2EB273C984A00C18FEA /* EmergencyApp.app */;
			productType = "com.apple.product-type.application";
		};
		73E5D300273C984C00C18FEA /* EmergencyAppTests */ = {
			isa = PBXNativeTarget;
			buildConfigurationList = 73E5D318273C984C00C18FEA /* Build configuration list for PBXNativeTarget "EmergencyAppTests" */;
			buildPhases = (
				73E5D2FD273C984C00C18FEA /* Sources */,
				73E5D2FE273C984C00C18FEA /* Frameworks */,
				73E5D2FF273C984C00C18FEA /* Resources */,
			);
			buildRules = (
			);
			dependencies = (
				73E5D303273C984C00C18FEA /* PBXTargetDependency */,
			);
			name = EmergencyAppTests;
			productName = EmergencyAppTests;
			productReference = 73E5D301273C984C00C18FEA /* EmergencyAppTests.xctest */;
			productType = "com.apple.product-type.bundle.unit-test";
		};
		73E5D30A273C984C00C18FEA /* EmergencyAppUITests */ = {
			isa = PBXNativeTarget;
			buildConfigurationList = 73E5D31B273C984C00C18FEA /* Build configuration list for PBXNativeTarget "EmergencyAppUITests" */;
			buildPhases = (
				73E5D307273C984C00C18FEA /* Sources */,
				73E5D308273C984C00C18FEA /* Frameworks */,
				73E5D309273C984C00C18FEA /* Resources */,
			);
			buildRules = (
			);
			dependencies = (
				73E5D30D273C984C00C18FEA /* PBXTargetDependency */,
			);
			name = EmergencyAppUITests;
			productName = EmergencyAppUITests;
			productReference = 73E5D30B273C984C00C18FEA /* EmergencyAppUITests.xctest */;
			productType = "com.apple.product-type.bundle.ui-testing";
		};
/* End PBXNativeTarget section */

/* Begin PBXProject section */
		73E5D2E3273C984900C18FEA /* Project object */ = {
			isa = PBXProject;
			attributes = {
				BuildIndependentTargetsInParallel = 1;
				LastSwiftUpdateCheck = 1310;
				LastUpgradeCheck = 1310;
				TargetAttributes = {
					73E5D2EA273C984900C18FEA = {
						CreatedOnToolsVersion = 13.1;
					};
					73E5D300273C984C00C18FEA = {
						CreatedOnToolsVersion = 13.1;
						TestTargetID = 73E5D2EA273C984900C18FEA;
					};
					73E5D30A273C984C00C18FEA = {
						CreatedOnToolsVersion = 13.1;
						TestTargetID = 73E5D2EA273C984900C18FEA;
					};
				};
			};
			buildConfigurationList = 73E5D2E6273C984900C18FEA /* Build configuration list for PBXProject "EmergencyApp" */;
			compatibilityVersion = "Xcode 13.0";
			developmentRegion = en;
			hasScannedForEncodings = 0;
			knownRegions = (
				en,
				Base,
			);
			mainGroup = 73E5D2E2273C984900C18FEA;
			productRefGroup = 73E5D2EC273C984A00C18FEA /* Products */;
			projectDirPath = "";
			projectRoot = "";
			targets = (
				73E5D2EA273C984900C18FEA /* EmergencyApp */,
				73E5D300273C984C00C18FEA /* EmergencyAppTests */,
				73E5D30A273C984C00C18FEA /* EmergencyAppUITests */,
			);
		};
/* End PBXProject section */

/* Begin PBXResourcesBuildPhase section */
		73E5D2E9273C984900C18FEA /* Resources */ = {
			isa = PBXResourcesBuildPhase;
			buildActionMask = 2147483647;
			files = (
				73E5D2FB273C984C00C18FEA /* LaunchScreen.storyboard in Resources */,
				73E5D2F8273C984C00C18FEA /* Assets.xcassets in Resources */,
				73E5D2F6273C984A00C18FEA /* Main.storyboard in Resources */,
			);
			runOnlyForDeploymentPostprocessing = 0;
		};
		73E5D2FF273C984C00C18FEA /* Resources */ = {
			isa = PBXResourcesBuildPhase;
			buildActionMask = 2147483647;
			files = (
			);
			runOnlyForDeploymentPostprocessing = 0;
		};
		73E5D309273C984C00C18FEA /* Resources */ = {
			isa = PBXResourcesBuildPhase;
			buildActionMask = 2147483647;
			files = (
			);
			runOnlyForDeploymentPostprocessing = 0;
		};
/* End PBXResourcesBuildPhase section */

/* Begin PBXSourcesBuildPhase section */
		73E5D2E7273C984900C18FEA /* Sources */ = {
			isa = PBXSourcesBuildPhase;
			buildActionMask = 2147483647;
			files = (
				73E5D2F3273C984A00C18FEA /* ViewController.swift in Sources */,
				73E5D2EF273C984A00C18FEA /* AppDelegate.swift in Sources */,
				73E5D2F1273C984A00C18FEA /* SceneDelegate.swift in Sources */,
			);
			runOnlyForDeploymentPostprocessing = 0;
		};
		73E5D2FD273C984C00C18FEA /* Sources */ = {
			isa = PBXSourcesBuildPhase;
			buildActionMask = 2147483647;
			files = (
				73E5D306273C984C00C18FEA /* EmergencyAppTests.swift in Sources */,
			);
			runOnlyForDeploymentPostprocessing = 0;
		};
		73E5D307273C984C00C18FEA /* Sources */ = {
			isa = PBXSourcesBuildPhase;
			buildActionMask = 2147483647;
			files = (
				73E5D312273C984C00C18FEA /* EmergencyAppUITestsLaunchTests.swift in Sources */,
				73E5D310273C984C00C18FEA /* EmergencyAppUITests.swift in Sources */,
			);
			runOnlyForDeploymentPostprocessing = 0;
		};
/* End PBXSourcesBuildPhase section */

/* Begin PBXTargetDependency section */
		73E5D303273C984C00C18FEA /* PBXTargetDependency */ = {
			isa = PBXTargetDependency;
			target = 73E5D2EA273C984900C18FEA /* EmergencyApp */;
			targetProxy = 73E5D302273C984C00C18FEA /* PBXContainerItemProxy */;
		};
		73E5D30D273C984C00C18FEA /* PBXTargetDependency */ = {
			isa = PBXTargetDependency;
			target = 73E5D2EA273C984900C18FEA /* EmergencyApp */;
			targetProxy = 73E5D30C273C984C00C18FEA /* PBXContainerItemProxy */;
		};
/* End PBXTargetDependency section */

/* Begin PBXVariantGroup section */
		73E5D2F4273C984A00C18FEA /* Main.storyboard */ = {
			isa = PBXVariantGroup;
			children = (
				73E5D2F5273C984A00C18FEA /* Base */,
			);
			name = Main.storyboard;
			sourceTree = "<group>";
		};
		73E5D2F9273C984C00C18FEA /* LaunchScreen.storyboard */ = {
			isa = PBXVariantGroup;
			children = (
				73E5D2FA273C984C00C18FEA /* Base */,
			);
			name = LaunchScreen.storyboard;
			sourceTree = "<group>";
		};
/* End PBXVariantGroup section */

/* Begin XCBuildConfiguration section */
		73E5D313273C984C00C18FEA /* Debug */ = {
			isa = XCBuildConfiguration;
			buildSettings = {
				ALWAYS_SEARCH_USER_PATHS = NO;
				CLANG_ANALYZER_NONNULL = YES;
				CLANG_ANALYZER_NUMBER_OBJECT_CONVERSION = YES_AGGRESSIVE;
				CLANG_CXX_LANGUAGE_STANDARD = "gnu++17";
				CLANG_CXX_LIBRARY = "libc++";
				CLANG_ENABLE_MODULES = YES;
				CLANG_ENABLE_OBJC_ARC = YES;
				CLANG_ENABLE_OBJC_WEAK = YES;
				CLANG_WARN_BLOCK_CAPTURE_AUTORELEASING = YES;
				CLANG_WARN_BOOL_CONVERSION = YES;
				CLANG_WARN_COMMA = YES;
				CLANG_WARN_CONSTANT_CONVERSION = YES;
				CLANG_WARN_DEPRECATED_OBJC_IMPLEMENTATIONS = YES;
				CLANG_WARN_DIRECT_OBJC_ISA_USAGE = YES_ERROR;
				CLANG_WARN_DOCUMENTATION_COMMENTS = YES;
				CLANG_WARN_EMPTY_BODY = YES;
				CLANG_WARN_ENUM_CONVERSION = YES;
				CLANG_WARN_INFINITE_RECURSION = YES;
				CLANG_WARN_INT_CONVERSION = YES;
				CLANG_WARN_NON_LITERAL_NULL_CONVERSION = YES;
				CLANG_WARN_OBJC_IMPLICIT_RETAIN_SELF = YES;
				CLANG_WARN_OBJC_LITERAL_CONVERSION = YES;
				CLANG_WARN_OBJC_ROOT_CLASS = YES_ERROR;
				CLANG_WARN_QUOTED_INCLUDE_IN_FRAMEWORK_HEADER = YES;
				CLANG_WARN_RANGE_LOOP_ANALYSIS = YES;
				CLANG_WARN_STRICT_PROTOTYPES = YES;
				CLANG_WARN_SUSPICIOUS_MOVE = YES;
				CLANG_WARN_UNGUARDED_AVAILABILITY = YES_AGGRESSIVE;
				CLANG_WARN_UNREACHABLE_CODE = YES;
				CLANG_WARN__DUPLICATE_METHOD_MATCH = YES;
				COPY_PHASE_STRIP = NO;
				DEBUG_INFORMATION_FORMAT = dwarf;
				ENABLE_STRICT_OBJC_MSGSEND = YES;
				ENABLE_TESTABILITY = YES;
				GCC_C_LANGUAGE_STANDARD = gnu11;
				GCC_DYNAMIC_NO_PIC = NO;
				GCC_NO_COMMON_BLOCKS = YES;
				GCC_OPTIMIZATION_LEVEL = 0;
				GCC_PREPROCESSOR_DEFINITIONS = (
					"DEBUG=1",
					"$(inherited)",
				);
				GCC_WARN_64_TO_32_BIT_CONVERSION = YES;
				GCC_WARN_ABOUT_RETURN_TYPE = YES_ERROR;
				GCC_WARN_UNDECLARED_SELECTOR = YES;
				GCC_WARN_UNINITIALIZED_AUTOS = YES_AGGRESSIVE;
				GCC_WARN_UNUSED_FUNCTION = YES;
				GCC_WARN_UNUSED_VARIABLE = YES;
				IPHONEOS_DEPLOYMENT_TARGET = 15.0;
				MTL_ENABLE_DEBUG_INFO = INCLUDE_SOURCE;
				MTL_FAST_MATH = YES;
				ONLY_ACTIVE_ARCH = YES;
				SDKROOT = iphoneos;
				SWIFT_ACTIVE_COMPILATION_CONDITIONS = DEBUG;
				SWIFT_OPTIMIZATION_LEVEL = "-Onone";
			};
			name = Debug;
		};
		73E5D314273C984C00C18FEA /* Release */ = {
			isa = XCBuildConfiguration;
			buildSettings = {
				ALWAYS_SEARCH_USER_PATHS = NO;
				CLANG_ANALYZER_NONNULL = YES;
				CLANG_ANALYZER_NUMBER_OBJECT_CONVERSION = YES_AGGRESSIVE;
				CLANG_CXX_LANGUAGE_STANDARD = "gnu++17";
				CLANG_CXX_LIBRARY = "libc++";
				CLANG_ENABLE_MODULES = YES;
				CLANG_ENABLE_OBJC_ARC = YES;
				CLANG_ENABLE_OBJC_WEAK = YES;
				CLANG_WARN_BLOCK_CAPTURE_AUTORELEASING = YES;
				CLANG_WARN_BOOL_CONVERSION = YES;
				CLANG_WARN_COMMA = YES;
				CLANG_WARN_CONSTANT_CONVERSION = YES;
				CLANG_WARN_DEPRECATED_OBJC_IMPLEMENTATIONS = YES;
				CLANG_WARN_DIRECT_OBJC_ISA_USAGE = YES_ERROR;
				CLANG_WARN_DOCUMENTATION_COMMENTS = YES;
				CLANG_WARN_EMPTY_BODY = YES;
				CLANG_WARN_ENUM_CONVERSION = YES;
				CLANG_WARN_INFINITE_RECURSION = YES;
				CLANG_WARN_INT_CONVERSION = YES;
				CLANG_WARN_NON_LITERAL_NULL_CONVERSION = YES;
				CLANG_WARN_OBJC_IMPLICIT_RETAIN_SELF = YES;
				CLANG_WARN_OBJC_LITERAL_CONVERSION = YES;
				CLANG_WARN_OBJC_ROOT_CLASS = YES_ERROR;
				CLANG_WARN_QUOTED_INCLUDE_IN_FRAMEWORK_HEADER = YES;
				CLANG_WARN_RANGE_LOOP_ANALYSIS = YES;
				CLANG_WARN_STRICT_PROTOTYPES = YES;
				CLANG_WARN_SUSPICIOUS_MOVE = YES;
				CLANG_WARN_UNGUARDED_AVAILABILITY = YES_AGGRESSIVE;
				CLANG_WARN_UNREACHABLE_CODE = YES;
				CLANG_WARN__DUPLICATE_METHOD_MATCH = YES;
				COPY_PHASE_STRIP = NO;
				DEBUG_INFORMATION_FORMAT = "dwarf-with-dsym";
				ENABLE_NS_ASSERTIONS = NO;
				ENABLE_STRICT_OBJC_MSGSEND = YES;
				GCC_C_LANGUAGE_STANDARD = gnu11;
				GCC_NO_COMMON_BLOCKS = YES;
				GCC_WARN_64_TO_32_BIT_CONVERSION = YES;
				GCC_WARN_ABOUT_RETURN_TYPE = YES_ERROR;
				GCC_WARN_UNDECLARED_SELECTOR = YES;
				GCC_WARN_UNINITIALIZED_AUTOS = YES_AGGRESSIVE;
				GCC_WARN_UNUSED_FUNCTION = YES;
				GCC_WARN_UNUSED_VARIABLE = YES;
				IPHONEOS_DEPLOYMENT_TARGET = 15.0;
				MTL_ENABLE_DEBUG_INFO = NO;
				MTL_FAST_MATH = YES;
				SDKROOT = iphoneos;
				SWIFT_COMPILATION_MODE = wholemodule;
				SWIFT_OPTIMIZATION_LEVEL = "-O";
				VALIDATE_PRODUCT = YES;
			};
			name = Release;
		};
		73E5D316273C984C00C18FEA /* Debug */ = {
			isa = XCBuildConfiguration;
			buildSettings = {
				ASSETCATALOG_COMPILER_APPICON_NAME = AppIcon;
				ASSETCATALOG_COMPILER_GLOBAL_ACCENT_COLOR_NAME = AccentColor;
				CODE_SIGN_STYLE = Automatic;
				CURRENT_PROJECT_VERSION = 1;
				GENERATE_INFOPLIST_FILE = YES;
				INFOPLIST_FILE = EmergencyApp/Info.plist;
				INFOPLIST_KEY_UIApplicationSupportsIndirectInputEvents = YES;
				INFOPLIST_KEY_UILaunchStoryboardName = LaunchScreen;
				INFOPLIST_KEY_UIMainStoryboardFile = Main;
				INFOPLIST_KEY_UISupportedInterfaceOrientations_iPad = "UIInterfaceOrientationPortrait UIInterfaceOrientationPortraitUpsideDown UIInterfaceOrientationLandscapeLeft UIInterfaceOrientationLandscapeRight";
				INFOPLIST_KEY_UISupportedInterfaceOrientations_iPhone = "UIInterfaceOrientationPortrait UIInterfaceOrientationLandscapeLeft UIInterfaceOrientationLandscapeRight";
				LD_RUNPATH_SEARCH_PATHS = (
					"$(inherited)",
					"@executable_path/Frameworks",
				);
				MARKETING_VERSION = 1.0;
				PRODUCT_BUNDLE_IDENTIFIER = lindsayjgc.EmergencyApp;
				PRODUCT_NAME = "$(TARGET_NAME)";
				SWIFT_EMIT_LOC_STRINGS = YES;
				SWIFT_VERSION = 5.0;
				TARGETED_DEVICE_FAMILY = "1,2";
			};
			name = Debug;
		};
		73E5D317273C984C00C18FEA /* Release */ = {
			isa = XCBuildConfiguration;
			buildSettings = {
				ASSETCATALOG_COMPILER_APPICON_NAME = AppIcon;
				ASSETCATALOG_COMPILER_GLOBAL_ACCENT_COLOR_NAME = AccentColor;
				CODE_SIGN_STYLE = Automatic;
				CURRENT_PROJECT_VERSION = 1;
				GENERATE_INFOPLIST_FILE = YES;
				INFOPLIST_FILE = EmergencyApp/Info.plist;
				INFOPLIST_KEY_UIApplicationSupportsIndirectInputEvents = YES;
				INFOPLIST_KEY_UILaunchStoryboardName = LaunchScreen;
				INFOPLIST_KEY_UIMainStoryboardFile = Main;
				INFOPLIST_KEY_UISupportedInterfaceOrientations_iPad = "UIInterfaceOrientationPortrait UIInterfaceOrientationPortraitUpsideDown UIInterfaceOrientationLandscapeLeft UIInterfaceOrientationLandscapeRight";
				INFOPLIST_KEY_UISupportedInterfaceOrientations_iPhone = "UIInterfaceOrientationPortrait UIInterfaceOrientationLandscapeLeft UIInterfaceOrientationLandscapeRight";
				LD_RUNPATH_SEARCH_PATHS = (
					"$(inherited)",
					"@executable_path/Frameworks",
				);
				MARKETING_VERSION = 1.0;
				PRODUCT_BUNDLE_IDENTIFIER = lindsayjgc.EmergencyApp;
				PRODUCT_NAME = "$(TARGET_NAME)";
				SWIFT_EMIT_LOC_STRINGS = YES;
				SWIFT_VERSION = 5.0;
				TARGETED_DEVICE_FAMILY = "1,2";
			};
			name = Release;
		};
		73E5D319273C984C00C18FEA /* Debug */ = {
			isa = XCBuildConfiguration;
			buildSettings = {
				ALWAYS_EMBED_SWIFT_STANDARD_LIBRARIES = YES;
				BUNDLE_LOADER = "$(TEST_HOST)";
				CODE_SIGN_STYLE = Automatic;
				CURRENT_PROJECT_VERSION = 1;
				GENERATE_INFOPLIST_FILE = YES;
				IPHONEOS_DEPLOYMENT_TARGET = 15.0;
				LD_RUNPATH_SEARCH_PATHS = (
					"$(inherited)",
					"@executable_path/Frameworks",
					"@loader_path/Frameworks",
				);
				MARKETING_VERSION = 1.0;
				PRODUCT_BUNDLE_IDENTIFIER = lindsayjgc.EmergencyAppTests;
				PRODUCT_NAME = "$(TARGET_NAME)";
				SWIFT_EMIT_LOC_STRINGS = NO;
				SWIFT_VERSION = 5.0;
				TARGETED_DEVICE_FAMILY = "1,2";
				TEST_HOST = "$(BUILT_PRODUCTS_DIR)/EmergencyApp.app/EmergencyApp";
			};
			name = Debug;
		};
		73E5D31A273C984C00C18FEA /* Release */ = {
			isa = XCBuildConfiguration;
			buildSettings = {
				ALWAYS_EMBED_SWIFT_STANDARD_LIBRARIES = YES;
				BUNDLE_LOADER = "$(TEST_HOST)";
				CODE_SIGN_STYLE = Automatic;
				CURRENT_PROJECT_VERSION = 1;
				GENERATE_INFOPLIST_FILE = YES;
				IPHONEOS_DEPLOYMENT_TARGET = 15.0;
				LD_RUNPATH_SEARCH_PATHS = (
					"$(inherited)",
					"@executable_path/Frameworks",
					"@loader_path/Frameworks",
				);
				MARKETING_VERSION = 1.0;
				PRODUCT_BUNDLE_IDENTIFIER = lindsayjgc.EmergencyAppTests;
				PRODUCT_NAME = "$(TARGET_NAME)";
				SWIFT_EMIT_LOC_STRINGS = NO;
				SWIFT_VERSION = 5.0;
				TARGETED_DEVICE_FAMILY = "1,2";
				TEST_HOST = "$(BUILT_PRODUCTS_DIR)/EmergencyApp.app/EmergencyApp";
			};
			name = Release;
		};
		73E5D31C273C984C00C18FEA /* Debug */ = {
			isa = XCBuildConfiguration;
			buildSettings = {
				ALWAYS_EMBED_SWIFT_STANDARD_LIBRARIES = YES;
				CODE_SIGN_STYLE = Automatic;
				CURRENT_PROJECT_VERSION = 1;
				GENERATE_INFOPLIST_FILE = YES;
				LD_RUNPATH_SEARCH_PATHS = (
					"$(inherited)",
					"@executable_path/Frameworks",
					"@loader_path/Frameworks",
				);
				MARKETING_VERSION = 1.0;
				PRODUCT_BUNDLE_IDENTIFIER = lindsayjgc.EmergencyAppUITests;
				PRODUCT_NAME = "$(TARGET_NAME)";
				SWIFT_EMIT_LOC_STRINGS = NO;
				SWIFT_VERSION = 5.0;
				TARGETED_DEVICE_FAMILY = "1,2";
				TEST_TARGET_NAME = EmergencyApp;
			};
			name = Debug;
		};
		73E5D31D273C984C00C18FEA /* Release */ = {
			isa = XCBuildConfiguration;
			buildSettings = {
				ALWAYS_EMBED_SWIFT_STANDARD_LIBRARIES = YES;
				CODE_SIGN_STYLE = Automatic;
				CURRENT_PROJECT_VERSION = 1;
				GENERATE_INFOPLIST_FILE = YES;
				LD_RUNPATH_SEARCH_PATHS = (
					"$(inherited)",
					"@executable_path/Frameworks",
					"@loader_path/Frameworks",
				);
				MARKETING_VERSION = 1.0;
				PRODUCT_BUNDLE_IDENTIFIER = lindsayjgc.EmergencyAppUITests;
				PRODUCT_NAME = "$(TARGET_NAME)";
				SWIFT_EMIT_LOC_STRINGS = NO;
				SWIFT_VERSION = 5.0;
				TARGETED_DEVICE_FAMILY = "1,2";
				TEST_TARGET_NAME = EmergencyApp;
			};
			name = Release;
		};
/* End XCBuildConfiguration section */

/* Begin XCConfigurationList section */
		73E5D2E6273C984900C18FEA /* Build configuration list for PBXProject "EmergencyApp" */ = {
			isa = XCConfigurationList;
			buildConfigurations = (
				73E5D313273C984C00C18FEA /* Debug */,
				73E5D314273C984C00C18FEA /* Release */,
			);
			defaultConfigurationIsVisible = 0;
			defaultConfigurationName = Release;
		};
		73E5D315273C984C00C18FEA /* Build configuration list for PBXNativeTarget "EmergencyApp" */ = {
			isa = XCConfigurationList;
			buildConfigurations = (
				73E5D316273C984C00C18FEA /* Debug */,
				73E5D317273C984C00C18FEA /* Release */,
			);
			defaultConfigurationIsVisible = 0;
			defaultConfigurationName = Release;
		};
		73E5D318273C984C00C18FEA /* Build configuration list for PBXNativeTarget "EmergencyAppTests" */ = {
			isa = XCConfigurationList;
			buildConfigurations = (
				73E5D319273C984C00C18FEA /* Debug */,
				73E5D31A273C984C00C18FEA /* Release */,
			);
			defaultConfigurationIsVisible = 0;
			defaultConfigurationName = Release;
		};
		73E5D31B273C984C00C18FEA /* Build configuration list for PBXNativeTarget "EmergencyAppUITests" */ = {
			isa = XCConfigurationList;
			buildConfigurations = (
				73E5D31C273C984C00C18FEA /* Debug */,
				73E5D31D273C984C00C18FEA /* Release */,
			);
			defaultConfigurationIsVisible = 0;
			defaultConfigurationName = Release;
		};
/* End XCConfigurationList section */
	};
	rootObject = 73E5D2E3273C984900C18FEA /* Project object */;
}
