// !$*UTF8*$!
{
	archiveVersion = 1;
	classes = {
	};
	objectVersion = 55;
	objects = {

/* Begin PBXBuildFile section */
		73E5D32B273C9BAA00C18FEA /* AppDelegate.swift in Sources */ = {isa = PBXBuildFile; fileRef = 73E5D32A273C9BAA00C18FEA /* AppDelegate.swift */; };
		73E5D32D273C9BAA00C18FEA /* SceneDelegate.swift in Sources */ = {isa = PBXBuildFile; fileRef = 73E5D32C273C9BAA00C18FEA /* SceneDelegate.swift */; };
		73E5D332273C9BAA00C18FEA /* Main.storyboard in Resources */ = {isa = PBXBuildFile; fileRef = 73E5D330273C9BAA00C18FEA /* Main.storyboard */; };
		73E5D334273C9BAC00C18FEA /* Assets.xcassets in Resources */ = {isa = PBXBuildFile; fileRef = 73E5D333273C9BAC00C18FEA /* Assets.xcassets */; };
		73E5D337273C9BAC00C18FEA /* LaunchScreen.storyboard in Resources */ = {isa = PBXBuildFile; fileRef = 73E5D335273C9BAC00C18FEA /* LaunchScreen.storyboard */; };
		73E5D342273C9BAC00C18FEA /* Group3Tests.swift in Sources */ = {isa = PBXBuildFile; fileRef = 73E5D341273C9BAC00C18FEA /* Group3Tests.swift */; };
		73E5D34C273C9BAC00C18FEA /* Group3UITests.swift in Sources */ = {isa = PBXBuildFile; fileRef = 73E5D34B273C9BAC00C18FEA /* Group3UITests.swift */; };
		73E5D34E273C9BAC00C18FEA /* Group3UITestsLaunchTests.swift in Sources */ = {isa = PBXBuildFile; fileRef = 73E5D34D273C9BAC00C18FEA /* Group3UITestsLaunchTests.swift */; };
		77CEE2262740618B00025AD7 /* AlertViewController.swift in Sources */ = {isa = PBXBuildFile; fileRef = 77CEE2252740618B00025AD7 /* AlertViewController.swift */; };
		77CEE2292740635D00025AD7 /* Algorithms in Frameworks */ = {isa = PBXBuildFile; productRef = 77CEE2282740635D00025AD7 /* Algorithms */; };
		77CEE22B2740924800025AD7 /* PostCell.swift in Sources */ = {isa = PBXBuildFile; fileRef = 77CEE22A2740924800025AD7 /* PostCell.swift */; };
		77CEE2312740A4F000025AD7 /* FeedViewController.swift in Sources */ = {isa = PBXBuildFile; fileRef = 77CEE22E2740935500025AD7 /* FeedViewController.swift */; };
		9CAE40D11FFC2A07CB45B83E /* Pods_Group3_Group3UITests.framework in Frameworks */ = {isa = PBXBuildFile; fileRef = 351CC9CA928B810D63C3700C /* Pods_Group3_Group3UITests.framework */; };
		A440727A521B08099EB9DCF3 /* Pods_Group3.framework in Frameworks */ = {isa = PBXBuildFile; fileRef = ACED5FBEB951945114A439F7 /* Pods_Group3.framework */; };
		D2DD7510373E3AC3F812A27A /* Pods_Group3Tests.framework in Frameworks */ = {isa = PBXBuildFile; fileRef = 0A02FEFF137C5ED31D4677A7 /* Pods_Group3Tests.framework */; };
/* End PBXBuildFile section */

/* Begin PBXContainerItemProxy section */
		73E5D33E273C9BAC00C18FEA /* PBXContainerItemProxy */ = {
			isa = PBXContainerItemProxy;
			containerPortal = 73E5D31F273C9BAA00C18FEA /* Project object */;
			proxyType = 1;
			remoteGlobalIDString = 73E5D326273C9BAA00C18FEA;
			remoteInfo = Group3;
		};
		73E5D348273C9BAC00C18FEA /* PBXContainerItemProxy */ = {
			isa = PBXContainerItemProxy;
			containerPortal = 73E5D31F273C9BAA00C18FEA /* Project object */;
			proxyType = 1;
			remoteGlobalIDString = 73E5D326273C9BAA00C18FEA;
			remoteInfo = Group3;
		};
/* End PBXContainerItemProxy section */

/* Begin PBXFileReference section */
		0A02FEFF137C5ED31D4677A7 /* Pods_Group3Tests.framework */ = {isa = PBXFileReference; explicitFileType = wrapper.framework; includeInIndex = 0; path = Pods_Group3Tests.framework; sourceTree = BUILT_PRODUCTS_DIR; };
		11C0B27F87D636EA76438378 /* Pods-Group3Tests.release.xcconfig */ = {isa = PBXFileReference; includeInIndex = 1; lastKnownFileType = text.xcconfig; name = "Pods-Group3Tests.release.xcconfig"; path = "Target Support Files/Pods-Group3Tests/Pods-Group3Tests.release.xcconfig"; sourceTree = "<group>"; };
		351CC9CA928B810D63C3700C /* Pods_Group3_Group3UITests.framework */ = {isa = PBXFileReference; explicitFileType = wrapper.framework; includeInIndex = 0; path = Pods_Group3_Group3UITests.framework; sourceTree = BUILT_PRODUCTS_DIR; };
		70F10DDCAEB79EB177521B1B /* Pods-Group3.release.xcconfig */ = {isa = PBXFileReference; includeInIndex = 1; lastKnownFileType = text.xcconfig; name = "Pods-Group3.release.xcconfig"; path = "Target Support Files/Pods-Group3/Pods-Group3.release.xcconfig"; sourceTree = "<group>"; };
		72B7EC37601215CE57EDA5BB /* Pods-Group3Tests.debug.xcconfig */ = {isa = PBXFileReference; includeInIndex = 1; lastKnownFileType = text.xcconfig; name = "Pods-Group3Tests.debug.xcconfig"; path = "Target Support Files/Pods-Group3Tests/Pods-Group3Tests.debug.xcconfig"; sourceTree = "<group>"; };
		73E5D327273C9BAA00C18FEA /* Group3.app */ = {isa = PBXFileReference; explicitFileType = wrapper.application; includeInIndex = 0; path = Group3.app; sourceTree = BUILT_PRODUCTS_DIR; };
		73E5D32A273C9BAA00C18FEA /* AppDelegate.swift */ = {isa = PBXFileReference; lastKnownFileType = sourcecode.swift; path = AppDelegate.swift; sourceTree = "<group>"; };
		73E5D32C273C9BAA00C18FEA /* SceneDelegate.swift */ = {isa = PBXFileReference; lastKnownFileType = sourcecode.swift; path = SceneDelegate.swift; sourceTree = "<group>"; };
		73E5D331273C9BAA00C18FEA /* Base */ = {isa = PBXFileReference; lastKnownFileType = file.storyboard; name = Base; path = Base.lproj/Main.storyboard; sourceTree = "<group>"; };
		73E5D333273C9BAC00C18FEA /* Assets.xcassets */ = {isa = PBXFileReference; lastKnownFileType = folder.assetcatalog; path = Assets.xcassets; sourceTree = "<group>"; };
		73E5D336273C9BAC00C18FEA /* Base */ = {isa = PBXFileReference; lastKnownFileType = file.storyboard; name = Base; path = Base.lproj/LaunchScreen.storyboard; sourceTree = "<group>"; };
		73E5D338273C9BAC00C18FEA /* Info.plist */ = {isa = PBXFileReference; lastKnownFileType = text.plist.xml; path = Info.plist; sourceTree = "<group>"; };
		73E5D33D273C9BAC00C18FEA /* Group3Tests.xctest */ = {isa = PBXFileReference; explicitFileType = wrapper.cfbundle; includeInIndex = 0; path = Group3Tests.xctest; sourceTree = BUILT_PRODUCTS_DIR; };
		73E5D341273C9BAC00C18FEA /* Group3Tests.swift */ = {isa = PBXFileReference; lastKnownFileType = sourcecode.swift; path = Group3Tests.swift; sourceTree = "<group>"; };
		73E5D347273C9BAC00C18FEA /* Group3UITests.xctest */ = {isa = PBXFileReference; explicitFileType = wrapper.cfbundle; includeInIndex = 0; path = Group3UITests.xctest; sourceTree = BUILT_PRODUCTS_DIR; };
		73E5D34B273C9BAC00C18FEA /* Group3UITests.swift */ = {isa = PBXFileReference; lastKnownFileType = sourcecode.swift; path = Group3UITests.swift; sourceTree = "<group>"; };
		73E5D34D273C9BAC00C18FEA /* Group3UITestsLaunchTests.swift */ = {isa = PBXFileReference; lastKnownFileType = sourcecode.swift; path = Group3UITestsLaunchTests.swift; sourceTree = "<group>"; };
		77CEE2252740618B00025AD7 /* AlertViewController.swift */ = {isa = PBXFileReference; lastKnownFileType = sourcecode.swift; path = AlertViewController.swift; sourceTree = "<group>"; };
		77CEE22A2740924800025AD7 /* PostCell.swift */ = {isa = PBXFileReference; lastKnownFileType = sourcecode.swift; path = PostCell.swift; sourceTree = "<group>"; };
		77CEE22E2740935500025AD7 /* FeedViewController.swift */ = {isa = PBXFileReference; lastKnownFileType = sourcecode.swift; path = FeedViewController.swift; sourceTree = "<group>"; };
		9596ABC3BDCCDA752960CA28 /* Pods-Group3-Group3UITests.release.xcconfig */ = {isa = PBXFileReference; includeInIndex = 1; lastKnownFileType = text.xcconfig; name = "Pods-Group3-Group3UITests.release.xcconfig"; path = "Target Support Files/Pods-Group3-Group3UITests/Pods-Group3-Group3UITests.release.xcconfig"; sourceTree = "<group>"; };
		ACED5FBEB951945114A439F7 /* Pods_Group3.framework */ = {isa = PBXFileReference; explicitFileType = wrapper.framework; includeInIndex = 0; path = Pods_Group3.framework; sourceTree = BUILT_PRODUCTS_DIR; };
		F04B8A5407596A19E27D11FF /* Pods-Group3.debug.xcconfig */ = {isa = PBXFileReference; includeInIndex = 1; lastKnownFileType = text.xcconfig; name = "Pods-Group3.debug.xcconfig"; path = "Target Support Files/Pods-Group3/Pods-Group3.debug.xcconfig"; sourceTree = "<group>"; };
		F3B19172F595BA434EC9A5D5 /* Pods-Group3-Group3UITests.debug.xcconfig */ = {isa = PBXFileReference; includeInIndex = 1; lastKnownFileType = text.xcconfig; name = "Pods-Group3-Group3UITests.debug.xcconfig"; path = "Target Support Files/Pods-Group3-Group3UITests/Pods-Group3-Group3UITests.debug.xcconfig"; sourceTree = "<group>"; };
/* End PBXFileReference section */

/* Begin PBXFrameworksBuildPhase section */
		73E5D324273C9BAA00C18FEA /* Frameworks */ = {
			isa = PBXFrameworksBuildPhase;
			buildActionMask = 2147483647;
			files = (
				77CEE2292740635D00025AD7 /* Algorithms in Frameworks */,
				A440727A521B08099EB9DCF3 /* Pods_Group3.framework in Frameworks */,
			);
			runOnlyForDeploymentPostprocessing = 0;
		};
		73E5D33A273C9BAC00C18FEA /* Frameworks */ = {
			isa = PBXFrameworksBuildPhase;
			buildActionMask = 2147483647;
			files = (
				D2DD7510373E3AC3F812A27A /* Pods_Group3Tests.framework in Frameworks */,
			);
			runOnlyForDeploymentPostprocessing = 0;
		};
		73E5D344273C9BAC00C18FEA /* Frameworks */ = {
			isa = PBXFrameworksBuildPhase;
			buildActionMask = 2147483647;
			files = (
				9CAE40D11FFC2A07CB45B83E /* Pods_Group3_Group3UITests.framework in Frameworks */,
			);
			runOnlyForDeploymentPostprocessing = 0;
		};
/* End PBXFrameworksBuildPhase section */

/* Begin PBXGroup section */
		6DABE310E00F25F27DA29A95 /* Frameworks */ = {
			isa = PBXGroup;
			children = (
				ACED5FBEB951945114A439F7 /* Pods_Group3.framework */,
				351CC9CA928B810D63C3700C /* Pods_Group3_Group3UITests.framework */,
				0A02FEFF137C5ED31D4677A7 /* Pods_Group3Tests.framework */,
			);
			name = Frameworks;
			sourceTree = "<group>";
		};
		73E5D31E273C9BAA00C18FEA = {
			isa = PBXGroup;
			children = (
				73E5D329273C9BAA00C18FEA /* Group3 */,
				73E5D340273C9BAC00C18FEA /* Group3Tests */,
				73E5D34A273C9BAC00C18FEA /* Group3UITests */,
				73E5D328273C9BAA00C18FEA /* Products */,
				80BFF30A3FFA5A2D094A85A2 /* Pods */,
				6DABE310E00F25F27DA29A95 /* Frameworks */,
			);
			sourceTree = "<group>";
		};
		73E5D328273C9BAA00C18FEA /* Products */ = {
			isa = PBXGroup;
			children = (
				73E5D327273C9BAA00C18FEA /* Group3.app */,
				73E5D33D273C9BAC00C18FEA /* Group3Tests.xctest */,
				73E5D347273C9BAC00C18FEA /* Group3UITests.xctest */,
			);
			name = Products;
			sourceTree = "<group>";
		};
		73E5D329273C9BAA00C18FEA /* Group3 */ = {
			isa = PBXGroup;
			children = (
				77CEE22E2740935500025AD7 /* FeedViewController.swift */,
				73E5D32A273C9BAA00C18FEA /* AppDelegate.swift */,
				73E5D32C273C9BAA00C18FEA /* SceneDelegate.swift */,
				73E5D330273C9BAA00C18FEA /* Main.storyboard */,
				73E5D333273C9BAC00C18FEA /* Assets.xcassets */,
				73E5D335273C9BAC00C18FEA /* LaunchScreen.storyboard */,
				73E5D338273C9BAC00C18FEA /* Info.plist */,
				77CEE2252740618B00025AD7 /* AlertViewController.swift */,
				77CEE22A2740924800025AD7 /* PostCell.swift */,
			);
			path = Group3;
			sourceTree = "<group>";
		};
		73E5D340273C9BAC00C18FEA /* Group3Tests */ = {
			isa = PBXGroup;
			children = (
				73E5D341273C9BAC00C18FEA /* Group3Tests.swift */,
			);
			path = Group3Tests;
			sourceTree = "<group>";
		};
		73E5D34A273C9BAC00C18FEA /* Group3UITests */ = {
			isa = PBXGroup;
			children = (
				73E5D34B273C9BAC00C18FEA /* Group3UITests.swift */,
				73E5D34D273C9BAC00C18FEA /* Group3UITestsLaunchTests.swift */,
			);
			path = Group3UITests;
			sourceTree = "<group>";
		};
		80BFF30A3FFA5A2D094A85A2 /* Pods */ = {
			isa = PBXGroup;
			children = (
				F04B8A5407596A19E27D11FF /* Pods-Group3.debug.xcconfig */,
				70F10DDCAEB79EB177521B1B /* Pods-Group3.release.xcconfig */,
				F3B19172F595BA434EC9A5D5 /* Pods-Group3-Group3UITests.debug.xcconfig */,
				9596ABC3BDCCDA752960CA28 /* Pods-Group3-Group3UITests.release.xcconfig */,
				72B7EC37601215CE57EDA5BB /* Pods-Group3Tests.debug.xcconfig */,
				11C0B27F87D636EA76438378 /* Pods-Group3Tests.release.xcconfig */,
			);
			path = Pods;
			sourceTree = "<group>";
		};
/* End PBXGroup section */

/* Begin PBXNativeTarget section */
		73E5D326273C9BAA00C18FEA /* Group3 */ = {
			isa = PBXNativeTarget;
			buildConfigurationList = 73E5D351273C9BAC00C18FEA /* Build configuration list for PBXNativeTarget "Group3" */;
			buildPhases = (
				F24757D8C566B92260846BCF /* [CP] Check Pods Manifest.lock */,
				73E5D323273C9BAA00C18FEA /* Sources */,
				73E5D324273C9BAA00C18FEA /* Frameworks */,
				73E5D325273C9BAA00C18FEA /* Resources */,
				B1ACF9DD68AA60AF7975B56A /* [CP] Embed Pods Frameworks */,
			);
			buildRules = (
			);
			dependencies = (
			);
			name = Group3;
			packageProductDependencies = (
				77CEE2282740635D00025AD7 /* Algorithms */,
			);
			productName = Group3;
			productReference = 73E5D327273C9BAA00C18FEA /* Group3.app */;
			productType = "com.apple.product-type.application";
		};
		73E5D33C273C9BAC00C18FEA /* Group3Tests */ = {
			isa = PBXNativeTarget;
			buildConfigurationList = 73E5D354273C9BAC00C18FEA /* Build configuration list for PBXNativeTarget "Group3Tests" */;
			buildPhases = (
				9B93644A1C570B7228E5DEAF /* [CP] Check Pods Manifest.lock */,
				73E5D339273C9BAC00C18FEA /* Sources */,
				73E5D33A273C9BAC00C18FEA /* Frameworks */,
				73E5D33B273C9BAC00C18FEA /* Resources */,
			);
			buildRules = (
			);
			dependencies = (
				73E5D33F273C9BAC00C18FEA /* PBXTargetDependency */,
			);
			name = Group3Tests;
			productName = Group3Tests;
			productReference = 73E5D33D273C9BAC00C18FEA /* Group3Tests.xctest */;
			productType = "com.apple.product-type.bundle.unit-test";
		};
		73E5D346273C9BAC00C18FEA /* Group3UITests */ = {
			isa = PBXNativeTarget;
			buildConfigurationList = 73E5D357273C9BAC00C18FEA /* Build configuration list for PBXNativeTarget "Group3UITests" */;
			buildPhases = (
				BCC1E776EB61C0A5AE8CE133 /* [CP] Check Pods Manifest.lock */,
				73E5D343273C9BAC00C18FEA /* Sources */,
				73E5D344273C9BAC00C18FEA /* Frameworks */,
				73E5D345273C9BAC00C18FEA /* Resources */,
				FAC0F966E102605FCEE54C51 /* [CP] Embed Pods Frameworks */,
			);
			buildRules = (
			);
			dependencies = (
				73E5D349273C9BAC00C18FEA /* PBXTargetDependency */,
			);
			name = Group3UITests;
			productName = Group3UITests;
			productReference = 73E5D347273C9BAC00C18FEA /* Group3UITests.xctest */;
			productType = "com.apple.product-type.bundle.ui-testing";
		};
/* End PBXNativeTarget section */

/* Begin PBXProject section */
		73E5D31F273C9BAA00C18FEA /* Project object */ = {
			isa = PBXProject;
			attributes = {
				BuildIndependentTargetsInParallel = 1;
				LastSwiftUpdateCheck = 1310;
				LastUpgradeCheck = 1310;
				TargetAttributes = {
					73E5D326273C9BAA00C18FEA = {
						CreatedOnToolsVersion = 13.1;
					};
					73E5D33C273C9BAC00C18FEA = {
						CreatedOnToolsVersion = 13.1;
						TestTargetID = 73E5D326273C9BAA00C18FEA;
					};
					73E5D346273C9BAC00C18FEA = {
						CreatedOnToolsVersion = 13.1;
						TestTargetID = 73E5D326273C9BAA00C18FEA;
					};
				};
			};
			buildConfigurationList = 73E5D322273C9BAA00C18FEA /* Build configuration list for PBXProject "Group3" */;
			compatibilityVersion = "Xcode 13.0";
			developmentRegion = en;
			hasScannedForEncodings = 0;
			knownRegions = (
				en,
				Base,
			);
			mainGroup = 73E5D31E273C9BAA00C18FEA;
			packageReferences = (
				77CEE2272740635D00025AD7 /* XCRemoteSwiftPackageReference "swift-algorithms" */,
			);
			productRefGroup = 73E5D328273C9BAA00C18FEA /* Products */;
			projectDirPath = "";
			projectRoot = "";
			targets = (
				73E5D326273C9BAA00C18FEA /* Group3 */,
				73E5D33C273C9BAC00C18FEA /* Group3Tests */,
				73E5D346273C9BAC00C18FEA /* Group3UITests */,
			);
		};
/* End PBXProject section */

/* Begin PBXResourcesBuildPhase section */
		73E5D325273C9BAA00C18FEA /* Resources */ = {
			isa = PBXResourcesBuildPhase;
			buildActionMask = 2147483647;
			files = (
				73E5D337273C9BAC00C18FEA /* LaunchScreen.storyboard in Resources */,
				73E5D334273C9BAC00C18FEA /* Assets.xcassets in Resources */,
				73E5D332273C9BAA00C18FEA /* Main.storyboard in Resources */,
			);
			runOnlyForDeploymentPostprocessing = 0;
		};
		73E5D33B273C9BAC00C18FEA /* Resources */ = {
			isa = PBXResourcesBuildPhase;
			buildActionMask = 2147483647;
			files = (
			);
			runOnlyForDeploymentPostprocessing = 0;
		};
		73E5D345273C9BAC00C18FEA /* Resources */ = {
			isa = PBXResourcesBuildPhase;
			buildActionMask = 2147483647;
			files = (
			);
			runOnlyForDeploymentPostprocessing = 0;
		};
/* End PBXResourcesBuildPhase section */

/* Begin PBXShellScriptBuildPhase section */
		9B93644A1C570B7228E5DEAF /* [CP] Check Pods Manifest.lock */ = {
			isa = PBXShellScriptBuildPhase;
			buildActionMask = 2147483647;
			files = (
			);
			inputFileListPaths = (
			);
			inputPaths = (
				"${PODS_PODFILE_DIR_PATH}/Podfile.lock",
				"${PODS_ROOT}/Manifest.lock",
			);
			name = "[CP] Check Pods Manifest.lock";
			outputFileListPaths = (
			);
			outputPaths = (
				"$(DERIVED_FILE_DIR)/Pods-Group3Tests-checkManifestLockResult.txt",
			);
			runOnlyForDeploymentPostprocessing = 0;
			shellPath = /bin/sh;
			shellScript = "diff \"${PODS_PODFILE_DIR_PATH}/Podfile.lock\" \"${PODS_ROOT}/Manifest.lock\" > /dev/null\nif [ $? != 0 ] ; then\n    # print error to STDERR\n    echo \"error: The sandbox is not in sync with the Podfile.lock. Run 'pod install' or update your CocoaPods installation.\" >&2\n    exit 1\nfi\n# This output is used by Xcode 'outputs' to avoid re-running this script phase.\necho \"SUCCESS\" > \"${SCRIPT_OUTPUT_FILE_0}\"\n";
			showEnvVarsInLog = 0;
		};
		B1ACF9DD68AA60AF7975B56A /* [CP] Embed Pods Frameworks */ = {
			isa = PBXShellScriptBuildPhase;
			buildActionMask = 2147483647;
			files = (
			);
			inputFileListPaths = (
				"${PODS_ROOT}/Target Support Files/Pods-Group3/Pods-Group3-frameworks-${CONFIGURATION}-input-files.xcfilelist",
			);
			name = "[CP] Embed Pods Frameworks";
			outputFileListPaths = (
				"${PODS_ROOT}/Target Support Files/Pods-Group3/Pods-Group3-frameworks-${CONFIGURATION}-output-files.xcfilelist",
			);
			runOnlyForDeploymentPostprocessing = 0;
			shellPath = /bin/sh;
			shellScript = "\"${PODS_ROOT}/Target Support Files/Pods-Group3/Pods-Group3-frameworks.sh\"\n";
			showEnvVarsInLog = 0;
		};
		BCC1E776EB61C0A5AE8CE133 /* [CP] Check Pods Manifest.lock */ = {
			isa = PBXShellScriptBuildPhase;
			buildActionMask = 2147483647;
			files = (
			);
			inputFileListPaths = (
			);
			inputPaths = (
				"${PODS_PODFILE_DIR_PATH}/Podfile.lock",
				"${PODS_ROOT}/Manifest.lock",
			);
			name = "[CP] Check Pods Manifest.lock";
			outputFileListPaths = (
			);
			outputPaths = (
				"$(DERIVED_FILE_DIR)/Pods-Group3-Group3UITests-checkManifestLockResult.txt",
			);
			runOnlyForDeploymentPostprocessing = 0;
			shellPath = /bin/sh;
			shellScript = "diff \"${PODS_PODFILE_DIR_PATH}/Podfile.lock\" \"${PODS_ROOT}/Manifest.lock\" > /dev/null\nif [ $? != 0 ] ; then\n    # print error to STDERR\n    echo \"error: The sandbox is not in sync with the Podfile.lock. Run 'pod install' or update your CocoaPods installation.\" >&2\n    exit 1\nfi\n# This output is used by Xcode 'outputs' to avoid re-running this script phase.\necho \"SUCCESS\" > \"${SCRIPT_OUTPUT_FILE_0}\"\n";
			showEnvVarsInLog = 0;
		};
		F24757D8C566B92260846BCF /* [CP] Check Pods Manifest.lock */ = {
			isa = PBXShellScriptBuildPhase;
			buildActionMask = 2147483647;
			files = (
			);
			inputFileListPaths = (
			);
			inputPaths = (
				"${PODS_PODFILE_DIR_PATH}/Podfile.lock",
				"${PODS_ROOT}/Manifest.lock",
			);
			name = "[CP] Check Pods Manifest.lock";
			outputFileListPaths = (
			);
			outputPaths = (
				"$(DERIVED_FILE_DIR)/Pods-Group3-checkManifestLockResult.txt",
			);
			runOnlyForDeploymentPostprocessing = 0;
			shellPath = /bin/sh;
			shellScript = "diff \"${PODS_PODFILE_DIR_PATH}/Podfile.lock\" \"${PODS_ROOT}/Manifest.lock\" > /dev/null\nif [ $? != 0 ] ; then\n    # print error to STDERR\n    echo \"error: The sandbox is not in sync with the Podfile.lock. Run 'pod install' or update your CocoaPods installation.\" >&2\n    exit 1\nfi\n# This output is used by Xcode 'outputs' to avoid re-running this script phase.\necho \"SUCCESS\" > \"${SCRIPT_OUTPUT_FILE_0}\"\n";
			showEnvVarsInLog = 0;
		};
		FAC0F966E102605FCEE54C51 /* [CP] Embed Pods Frameworks */ = {
			isa = PBXShellScriptBuildPhase;
			buildActionMask = 2147483647;
			files = (
			);
			inputFileListPaths = (
				"${PODS_ROOT}/Target Support Files/Pods-Group3-Group3UITests/Pods-Group3-Group3UITests-frameworks-${CONFIGURATION}-input-files.xcfilelist",
			);
			name = "[CP] Embed Pods Frameworks";
			outputFileListPaths = (
				"${PODS_ROOT}/Target Support Files/Pods-Group3-Group3UITests/Pods-Group3-Group3UITests-frameworks-${CONFIGURATION}-output-files.xcfilelist",
			);
			runOnlyForDeploymentPostprocessing = 0;
			shellPath = /bin/sh;
			shellScript = "\"${PODS_ROOT}/Target Support Files/Pods-Group3-Group3UITests/Pods-Group3-Group3UITests-frameworks.sh\"\n";
			showEnvVarsInLog = 0;
		};
/* End PBXShellScriptBuildPhase section */

/* Begin PBXSourcesBuildPhase section */
		73E5D323273C9BAA00C18FEA /* Sources */ = {
			isa = PBXSourcesBuildPhase;
			buildActionMask = 2147483647;
			files = (
				73E5D32B273C9BAA00C18FEA /* AppDelegate.swift in Sources */,
				73E5D32D273C9BAA00C18FEA /* SceneDelegate.swift in Sources */,
				77CEE2262740618B00025AD7 /* AlertViewController.swift in Sources */,
				77CEE2312740A4F000025AD7 /* FeedViewController.swift in Sources */,
				77CEE22B2740924800025AD7 /* PostCell.swift in Sources */,
			);
			runOnlyForDeploymentPostprocessing = 0;
		};
		73E5D339273C9BAC00C18FEA /* Sources */ = {
			isa = PBXSourcesBuildPhase;
			buildActionMask = 2147483647;
			files = (
				73E5D342273C9BAC00C18FEA /* Group3Tests.swift in Sources */,
			);
			runOnlyForDeploymentPostprocessing = 0;
		};
		73E5D343273C9BAC00C18FEA /* Sources */ = {
			isa = PBXSourcesBuildPhase;
			buildActionMask = 2147483647;
			files = (
				73E5D34E273C9BAC00C18FEA /* Group3UITestsLaunchTests.swift in Sources */,
				73E5D34C273C9BAC00C18FEA /* Group3UITests.swift in Sources */,
			);
			runOnlyForDeploymentPostprocessing = 0;
		};
/* End PBXSourcesBuildPhase section */

/* Begin PBXTargetDependency section */
		73E5D33F273C9BAC00C18FEA /* PBXTargetDependency */ = {
			isa = PBXTargetDependency;
			target = 73E5D326273C9BAA00C18FEA /* Group3 */;
			targetProxy = 73E5D33E273C9BAC00C18FEA /* PBXContainerItemProxy */;
		};
		73E5D349273C9BAC00C18FEA /* PBXTargetDependency */ = {
			isa = PBXTargetDependency;
			target = 73E5D326273C9BAA00C18FEA /* Group3 */;
			targetProxy = 73E5D348273C9BAC00C18FEA /* PBXContainerItemProxy */;
		};
/* End PBXTargetDependency section */

/* Begin PBXVariantGroup section */
		73E5D330273C9BAA00C18FEA /* Main.storyboard */ = {
			isa = PBXVariantGroup;
			children = (
				73E5D331273C9BAA00C18FEA /* Base */,
			);
			name = Main.storyboard;
			sourceTree = "<group>";
		};
		73E5D335273C9BAC00C18FEA /* LaunchScreen.storyboard */ = {
			isa = PBXVariantGroup;
			children = (
				73E5D336273C9BAC00C18FEA /* Base */,
			);
			name = LaunchScreen.storyboard;
			sourceTree = "<group>";
		};
/* End PBXVariantGroup section */

/* Begin XCBuildConfiguration section */
		73E5D34F273C9BAC00C18FEA /* Debug */ = {
			isa = XCBuildConfiguration;
			buildSettings = {
				ALWAYS_SEARCH_USER_PATHS = NO;
				CLANG_ANALYZER_NONNULL = YES;
				CLANG_ANALYZER_NUMBER_OBJECT_CONVERSION = YES_AGGRESSIVE;
				CLANG_CXX_LANGUAGE_STANDARD = "gnu++17";
				CLANG_CXX_LIBRARY = "libc++";
				CLANG_ENABLE_MODULES = YES;
				CLANG_ENABLE_OBJC_ARC = YES;
				CLANG_ENABLE_OBJC_WEAK = YES;
				CLANG_WARN_BLOCK_CAPTURE_AUTORELEASING = YES;
				CLANG_WARN_BOOL_CONVERSION = YES;
				CLANG_WARN_COMMA = YES;
				CLANG_WARN_CONSTANT_CONVERSION = YES;
				CLANG_WARN_DEPRECATED_OBJC_IMPLEMENTATIONS = YES;
				CLANG_WARN_DIRECT_OBJC_ISA_USAGE = YES_ERROR;
				CLANG_WARN_DOCUMENTATION_COMMENTS = YES;
				CLANG_WARN_EMPTY_BODY = YES;
				CLANG_WARN_ENUM_CONVERSION = YES;
				CLANG_WARN_INFINITE_RECURSION = YES;
				CLANG_WARN_INT_CONVERSION = YES;
				CLANG_WARN_NON_LITERAL_NULL_CONVERSION = YES;
				CLANG_WARN_OBJC_IMPLICIT_RETAIN_SELF = YES;
				CLANG_WARN_OBJC_LITERAL_CONVERSION = YES;
				CLANG_WARN_OBJC_ROOT_CLASS = YES_ERROR;
				CLANG_WARN_QUOTED_INCLUDE_IN_FRAMEWORK_HEADER = YES;
				CLANG_WARN_RANGE_LOOP_ANALYSIS = YES;
				CLANG_WARN_STRICT_PROTOTYPES = YES;
				CLANG_WARN_SUSPICIOUS_MOVE = YES;
				CLANG_WARN_UNGUARDED_AVAILABILITY = YES_AGGRESSIVE;
				CLANG_WARN_UNREACHABLE_CODE = YES;
				CLANG_WARN__DUPLICATE_METHOD_MATCH = YES;
				COPY_PHASE_STRIP = NO;
				DEBUG_INFORMATION_FORMAT = dwarf;
				ENABLE_STRICT_OBJC_MSGSEND = YES;
				ENABLE_TESTABILITY = YES;
				GCC_C_LANGUAGE_STANDARD = gnu11;
				GCC_DYNAMIC_NO_PIC = NO;
				GCC_NO_COMMON_BLOCKS = YES;
				GCC_OPTIMIZATION_LEVEL = 0;
				GCC_PREPROCESSOR_DEFINITIONS = (
					"DEBUG=1",
					"$(inherited)",
				);
				GCC_WARN_64_TO_32_BIT_CONVERSION = YES;
				GCC_WARN_ABOUT_RETURN_TYPE = YES_ERROR;
				GCC_WARN_UNDECLARED_SELECTOR = YES;
				GCC_WARN_UNINITIALIZED_AUTOS = YES_AGGRESSIVE;
				GCC_WARN_UNUSED_FUNCTION = YES;
				GCC_WARN_UNUSED_VARIABLE = YES;
				IPHONEOS_DEPLOYMENT_TARGET = 15.0;
				MTL_ENABLE_DEBUG_INFO = INCLUDE_SOURCE;
				MTL_FAST_MATH = YES;
				ONLY_ACTIVE_ARCH = YES;
				SDKROOT = iphoneos;
				SWIFT_ACTIVE_COMPILATION_CONDITIONS = DEBUG;
				SWIFT_OPTIMIZATION_LEVEL = "-Onone";
			};
			name = Debug;
		};
		73E5D350273C9BAC00C18FEA /* Release */ = {
			isa = XCBuildConfiguration;
			buildSettings = {
				ALWAYS_SEARCH_USER_PATHS = NO;
				CLANG_ANALYZER_NONNULL = YES;
				CLANG_ANALYZER_NUMBER_OBJECT_CONVERSION = YES_AGGRESSIVE;
				CLANG_CXX_LANGUAGE_STANDARD = "gnu++17";
				CLANG_CXX_LIBRARY = "libc++";
				CLANG_ENABLE_MODULES = YES;
				CLANG_ENABLE_OBJC_ARC = YES;
				CLANG_ENABLE_OBJC_WEAK = YES;
				CLANG_WARN_BLOCK_CAPTURE_AUTORELEASING = YES;
				CLANG_WARN_BOOL_CONVERSION = YES;
				CLANG_WARN_COMMA = YES;
				CLANG_WARN_CONSTANT_CONVERSION = YES;
				CLANG_WARN_DEPRECATED_OBJC_IMPLEMENTATIONS = YES;
				CLANG_WARN_DIRECT_OBJC_ISA_USAGE = YES_ERROR;
				CLANG_WARN_DOCUMENTATION_COMMENTS = YES;
				CLANG_WARN_EMPTY_BODY = YES;
				CLANG_WARN_ENUM_CONVERSION = YES;
				CLANG_WARN_INFINITE_RECURSION = YES;
				CLANG_WARN_INT_CONVERSION = YES;
				CLANG_WARN_NON_LITERAL_NULL_CONVERSION = YES;
				CLANG_WARN_OBJC_IMPLICIT_RETAIN_SELF = YES;
				CLANG_WARN_OBJC_LITERAL_CONVERSION = YES;
				CLANG_WARN_OBJC_ROOT_CLASS = YES_ERROR;
				CLANG_WARN_QUOTED_INCLUDE_IN_FRAMEWORK_HEADER = YES;
				CLANG_WARN_RANGE_LOOP_ANALYSIS = YES;
				CLANG_WARN_STRICT_PROTOTYPES = YES;
				CLANG_WARN_SUSPICIOUS_MOVE = YES;
				CLANG_WARN_UNGUARDED_AVAILABILITY = YES_AGGRESSIVE;
				CLANG_WARN_UNREACHABLE_CODE = YES;
				CLANG_WARN__DUPLICATE_METHOD_MATCH = YES;
				COPY_PHASE_STRIP = NO;
				DEBUG_INFORMATION_FORMAT = "dwarf-with-dsym";
				ENABLE_NS_ASSERTIONS = NO;
				ENABLE_STRICT_OBJC_MSGSEND = YES;
				GCC_C_LANGUAGE_STANDARD = gnu11;
				GCC_NO_COMMON_BLOCKS = YES;
				GCC_WARN_64_TO_32_BIT_CONVERSION = YES;
				GCC_WARN_ABOUT_RETURN_TYPE = YES_ERROR;
				GCC_WARN_UNDECLARED_SELECTOR = YES;
				GCC_WARN_UNINITIALIZED_AUTOS = YES_AGGRESSIVE;
				GCC_WARN_UNUSED_FUNCTION = YES;
				GCC_WARN_UNUSED_VARIABLE = YES;
				IPHONEOS_DEPLOYMENT_TARGET = 15.0;
				MTL_ENABLE_DEBUG_INFO = NO;
				MTL_FAST_MATH = YES;
				SDKROOT = iphoneos;
				SWIFT_COMPILATION_MODE = wholemodule;
				SWIFT_OPTIMIZATION_LEVEL = "-O";
				VALIDATE_PRODUCT = YES;
			};
			name = Release;
		};
		73E5D352273C9BAC00C18FEA /* Debug */ = {
			isa = XCBuildConfiguration;
			baseConfigurationReference = F04B8A5407596A19E27D11FF /* Pods-Group3.debug.xcconfig */;
			buildSettings = {
				ASSETCATALOG_COMPILER_APPICON_NAME = AppIcon;
				ASSETCATALOG_COMPILER_GLOBAL_ACCENT_COLOR_NAME = AccentColor;
				CODE_SIGN_STYLE = Automatic;
				CURRENT_PROJECT_VERSION = 1;
				GENERATE_INFOPLIST_FILE = YES;
				INFOPLIST_FILE = Group3/Info.plist;
				INFOPLIST_KEY_UIApplicationSupportsIndirectInputEvents = YES;
				INFOPLIST_KEY_UILaunchStoryboardName = LaunchScreen;
				INFOPLIST_KEY_UIMainStoryboardFile = Main;
				INFOPLIST_KEY_UISupportedInterfaceOrientations_iPad = "UIInterfaceOrientationPortrait UIInterfaceOrientationPortraitUpsideDown UIInterfaceOrientationLandscapeLeft UIInterfaceOrientationLandscapeRight";
				INFOPLIST_KEY_UISupportedInterfaceOrientations_iPhone = "UIInterfaceOrientationPortrait UIInterfaceOrientationLandscapeLeft UIInterfaceOrientationLandscapeRight";
				LD_RUNPATH_SEARCH_PATHS = (
					"$(inherited)",
					"@executable_path/Frameworks",
				);
				MARKETING_VERSION = 1.0;
				PRODUCT_BUNDLE_IDENTIFIER = lindsayjgc.Group3;
				PRODUCT_NAME = "$(TARGET_NAME)";
				SWIFT_EMIT_LOC_STRINGS = YES;
				SWIFT_VERSION = 5.0;
				TARGETED_DEVICE_FAMILY = "1,2";
			};
			name = Debug;
		};
		73E5D353273C9BAC00C18FEA /* Release */ = {
			isa = XCBuildConfiguration;
			baseConfigurationReference = 70F10DDCAEB79EB177521B1B /* Pods-Group3.release.xcconfig */;
			buildSettings = {
				ASSETCATALOG_COMPILER_APPICON_NAME = AppIcon;
				ASSETCATALOG_COMPILER_GLOBAL_ACCENT_COLOR_NAME = AccentColor;
				CODE_SIGN_STYLE = Automatic;
				CURRENT_PROJECT_VERSION = 1;
				GENERATE_INFOPLIST_FILE = YES;
				INFOPLIST_FILE = Group3/Info.plist;
				INFOPLIST_KEY_UIApplicationSupportsIndirectInputEvents = YES;
				INFOPLIST_KEY_UILaunchStoryboardName = LaunchScreen;
				INFOPLIST_KEY_UIMainStoryboardFile = Main;
				INFOPLIST_KEY_UISupportedInterfaceOrientations_iPad = "UIInterfaceOrientationPortrait UIInterfaceOrientationPortraitUpsideDown UIInterfaceOrientationLandscapeLeft UIInterfaceOrientationLandscapeRight";
				INFOPLIST_KEY_UISupportedInterfaceOrientations_iPhone = "UIInterfaceOrientationPortrait UIInterfaceOrientationLandscapeLeft UIInterfaceOrientationLandscapeRight";
				LD_RUNPATH_SEARCH_PATHS = (
					"$(inherited)",
					"@executable_path/Frameworks",
				);
				MARKETING_VERSION = 1.0;
				PRODUCT_BUNDLE_IDENTIFIER = lindsayjgc.Group3;
				PRODUCT_NAME = "$(TARGET_NAME)";
				SWIFT_EMIT_LOC_STRINGS = YES;
				SWIFT_VERSION = 5.0;
				TARGETED_DEVICE_FAMILY = "1,2";
			};
			name = Release;
		};
		73E5D355273C9BAC00C18FEA /* Debug */ = {
			isa = XCBuildConfiguration;
			baseConfigurationReference = 72B7EC37601215CE57EDA5BB /* Pods-Group3Tests.debug.xcconfig */;
			buildSettings = {
				ALWAYS_EMBED_SWIFT_STANDARD_LIBRARIES = YES;
				BUNDLE_LOADER = "$(TEST_HOST)";
				CODE_SIGN_STYLE = Automatic;
				CURRENT_PROJECT_VERSION = 1;
				GENERATE_INFOPLIST_FILE = YES;
				IPHONEOS_DEPLOYMENT_TARGET = 15.0;
				LD_RUNPATH_SEARCH_PATHS = (
					"$(inherited)",
					"@executable_path/Frameworks",
					"@loader_path/Frameworks",
				);
				MARKETING_VERSION = 1.0;
				PRODUCT_BUNDLE_IDENTIFIER = lindsayjgc.Group3Tests;
				PRODUCT_NAME = "$(TARGET_NAME)";
				SWIFT_EMIT_LOC_STRINGS = NO;
				SWIFT_VERSION = 5.0;
				TARGETED_DEVICE_FAMILY = "1,2";
				TEST_HOST = "$(BUILT_PRODUCTS_DIR)/Group3.app/Group3";
			};
			name = Debug;
		};
		73E5D356273C9BAC00C18FEA /* Release */ = {
			isa = XCBuildConfiguration;
			baseConfigurationReference = 11C0B27F87D636EA76438378 /* Pods-Group3Tests.release.xcconfig */;
			buildSettings = {
				ALWAYS_EMBED_SWIFT_STANDARD_LIBRARIES = YES;
				BUNDLE_LOADER = "$(TEST_HOST)";
				CODE_SIGN_STYLE = Automatic;
				CURRENT_PROJECT_VERSION = 1;
				GENERATE_INFOPLIST_FILE = YES;
				IPHONEOS_DEPLOYMENT_TARGET = 15.0;
				LD_RUNPATH_SEARCH_PATHS = (
					"$(inherited)",
					"@executable_path/Frameworks",
					"@loader_path/Frameworks",
				);
				MARKETING_VERSION = 1.0;
				PRODUCT_BUNDLE_IDENTIFIER = lindsayjgc.Group3Tests;
				PRODUCT_NAME = "$(TARGET_NAME)";
				SWIFT_EMIT_LOC_STRINGS = NO;
				SWIFT_VERSION = 5.0;
				TARGETED_DEVICE_FAMILY = "1,2";
				TEST_HOST = "$(BUILT_PRODUCTS_DIR)/Group3.app/Group3";
			};
			name = Release;
		};
		73E5D358273C9BAC00C18FEA /* Debug */ = {
			isa = XCBuildConfiguration;
			baseConfigurationReference = F3B19172F595BA434EC9A5D5 /* Pods-Group3-Group3UITests.debug.xcconfig */;
			buildSettings = {
				ALWAYS_EMBED_SWIFT_STANDARD_LIBRARIES = YES;
				CODE_SIGN_STYLE = Automatic;
				CURRENT_PROJECT_VERSION = 1;
				GENERATE_INFOPLIST_FILE = YES;
				LD_RUNPATH_SEARCH_PATHS = (
					"$(inherited)",
					"@executable_path/Frameworks",
					"@loader_path/Frameworks",
				);
				MARKETING_VERSION = 1.0;
				PRODUCT_BUNDLE_IDENTIFIER = lindsayjgc.Group3UITests;
				PRODUCT_NAME = "$(TARGET_NAME)";
				SWIFT_EMIT_LOC_STRINGS = NO;
				SWIFT_VERSION = 5.0;
				TARGETED_DEVICE_FAMILY = "1,2";
				TEST_TARGET_NAME = Group3;
			};
			name = Debug;
		};
		73E5D359273C9BAC00C18FEA /* Release */ = {
			isa = XCBuildConfiguration;
			baseConfigurationReference = 9596ABC3BDCCDA752960CA28 /* Pods-Group3-Group3UITests.release.xcconfig */;
			buildSettings = {
				ALWAYS_EMBED_SWIFT_STANDARD_LIBRARIES = YES;
				CODE_SIGN_STYLE = Automatic;
				CURRENT_PROJECT_VERSION = 1;
				GENERATE_INFOPLIST_FILE = YES;
				LD_RUNPATH_SEARCH_PATHS = (
					"$(inherited)",
					"@executable_path/Frameworks",
					"@loader_path/Frameworks",
				);
				MARKETING_VERSION = 1.0;
				PRODUCT_BUNDLE_IDENTIFIER = lindsayjgc.Group3UITests;
				PRODUCT_NAME = "$(TARGET_NAME)";
				SWIFT_EMIT_LOC_STRINGS = NO;
				SWIFT_VERSION = 5.0;
				TARGETED_DEVICE_FAMILY = "1,2";
				TEST_TARGET_NAME = Group3;
			};
			name = Release;
		};
/* End XCBuildConfiguration section */

/* Begin XCConfigurationList section */
		73E5D322273C9BAA00C18FEA /* Build configuration list for PBXProject "Group3" */ = {
			isa = XCConfigurationList;
			buildConfigurations = (
				73E5D34F273C9BAC00C18FEA /* Debug */,
				73E5D350273C9BAC00C18FEA /* Release */,
			);
			defaultConfigurationIsVisible = 0;
			defaultConfigurationName = Release;
		};
		73E5D351273C9BAC00C18FEA /* Build configuration list for PBXNativeTarget "Group3" */ = {
			isa = XCConfigurationList;
			buildConfigurations = (
				73E5D352273C9BAC00C18FEA /* Debug */,
				73E5D353273C9BAC00C18FEA /* Release */,
			);
			defaultConfigurationIsVisible = 0;
			defaultConfigurationName = Release;
		};
		73E5D354273C9BAC00C18FEA /* Build configuration list for PBXNativeTarget "Group3Tests" */ = {
			isa = XCConfigurationList;
			buildConfigurations = (
				73E5D355273C9BAC00C18FEA /* Debug */,
				73E5D356273C9BAC00C18FEA /* Release */,
			);
			defaultConfigurationIsVisible = 0;
			defaultConfigurationName = Release;
		};
		73E5D357273C9BAC00C18FEA /* Build configuration list for PBXNativeTarget "Group3UITests" */ = {
			isa = XCConfigurationList;
			buildConfigurations = (
				73E5D358273C9BAC00C18FEA /* Debug */,
				73E5D359273C9BAC00C18FEA /* Release */,
			);
			defaultConfigurationIsVisible = 0;
			defaultConfigurationName = Release;
		};
/* End XCConfigurationList section */

/* Begin XCRemoteSwiftPackageReference section */
		77CEE2272740635D00025AD7 /* XCRemoteSwiftPackageReference "swift-algorithms" */ = {
			isa = XCRemoteSwiftPackageReference;
			repositoryURL = "https://github.com/apple/swift-algorithms.git";
			requirement = {
				kind = upToNextMajorVersion;
				minimumVersion = 1.0.0;
			};
		};
/* End XCRemoteSwiftPackageReference section */

/* Begin XCSwiftPackageProductDependency section */
		77CEE2282740635D00025AD7 /* Algorithms */ = {
			isa = XCSwiftPackageProductDependency;
			package = 77CEE2272740635D00025AD7 /* XCRemoteSwiftPackageReference "swift-algorithms" */;
			productName = Algorithms;
		};
/* End XCSwiftPackageProductDependency section */
	};
	rootObject = 73E5D31F273C9BAA00C18FEA /* Project object */;
}
